
Microsoft Visual Studio Solution File, Format Version 12.00
# Visual Studio Version 16
VisualStudioVersion = 16.0.28922.388
MinimumVisualStudioVersion = 10.0.40219.1
Project("{FAE04EC0-301F-11D3-BF4B-00C04F79EFBC}") = "poyosu", "poyosu\poyosu.csproj", "{59B1FB89-5FB1-4F41-9E3B-B56C682DD155}"
EndProject
Global
	GlobalSection(SolutionConfigurationPlatforms) = preSolution
		Debug|Any CPU = Debug|Any CPU
		Release|Any CPU = Release|Any CPU
	EndGlobalSection
	GlobalSection(ProjectConfigurationPlatforms) = postSolution
		{59B1FB89-5FB1-4F41-9E3B-B56C682DD155}.Debug|Any CPU.ActiveCfg = Debug|Any CPU
		{59B1FB89-5FB1-4F41-9E3B-B56C682DD155}.Debug|Any CPU.Build.0 = Debug|Any CPU
		{59B1FB89-5FB1-4F41-9E3B-B56C682DD155}.Release|Any CPU.ActiveCfg = Release|Any CPU
		{59B1FB89-5FB1-4F41-9E3B-B56C682DD155}.Release|Any CPU.Build.0 = Release|Any CPU
	EndGlobalSection
	GlobalSection(SolutionProperties) = preSolution
		HideSolutionNode = FALSE
	EndGlobalSection
	GlobalSection(ExtensibilityGlobals) = postSolution
		SolutionGuid = {27E13EBC-DCF3-4E8F-A816-149334F98A1B}
	EndGlobalSection
EndGlobal
